{
  "requires": true,
  "lockfileVersion": 1,
  "dependencies": {
    "@sensoro/application-test": {
      "version": "0.1.0",
      "resolved": "https://registry.npmjs.org/@sensoro/application-test/-/application-test-0.1.0.tgz",
      "integrity": "sha512-qLGKXby9lrAMbDbjq0uvJRhiP8JGl8Gp031ytDTa4ZqNUY8qUCy7R8GDB46G1A/ydqXqA9G7kfwjlEy8qFUmRQ=="
    }
  }
}
